# This file was autogenerated by Stack.
# You should not edit this file by hand.
# For more information, please see the documentation at:
#   https://docs.haskellstack.org/en/stable/lock_files

packages:
- completed:
    hackage: discord-haskell-1.5.2@sha256:90fbc8f804b1b4d8f69d3b38bd4ca7ab76bbb2b08668ce171a5e3b09b72c5e63,3798
    pantry-tree:
      size: 2108
      sha256: 9a9ba57016f413553a67aa0678f64c432b18f0e65fd116c75bdb1e99d0f9d25e
  original:
    hackage: discord-haskell-1.5.2@sha256:90fbc8f804b1b4d8f69d3b38bd4ca7ab76bbb2b08668ce171a5e3b09b72c5e63,3798
- completed:
    hackage: emoji-0.1.0.2@sha256:d995572a5c7dcd28f98eb15c6e387a7b3bda1ac2477ab0d9dba8580d5d7b161f,1273
    pantry-tree:
      size: 437
      sha256: dd9ea90a631342e5db0fc21331ade4d563a685e9125d5a3989eefa8e1b96c6c6
  original:
    hackage: emoji-0.1.0.2@sha256:d995572a5c7dcd28f98eb15c6e387a7b3bda1ac2477ab0d9dba8580d5d7b161f,1273
snapshots:
- completed:
    size: 496112
    url: https://raw.githubusercontent.com/commercialhaskell/stackage-snapshots/master/lts/15/13.yaml
    sha256: 75a1a0f870e1876898b117b0e443f911b3fa2985bfabb53158c81ab5765beda5
  original: lts-15.13
